
Microsoft Visual Studio Solution File, Format Version 12.00
Project("{FAE04EC0-301F-11D3-BF4B-00C04F79EFBC}") = "CriFsV2Lib", "CriFsV2Lib\CriFsV2Lib.csproj", "{94B4A638-EEEB-4925-B0DF-9B3E2AD2D566}"
EndProject
Project("{FAE04EC0-301F-11D3-BF4B-00C04F79EFBC}") = "CriFsV2Lib.Tests", "CriFsV2Lib.Tests\CriFsV2Lib.Tests.csproj", "{BBC10F7B-2669-4F77-9E61-80231043311A}"
EndProject
Project("{FAE04EC0-301F-11D3-BF4B-00C04F79EFBC}") = "CriFsV2Lib.Benchmarks", "CriFsV2Lib.Benchmarks\CriFsV2Lib.Benchmarks.csproj", "{8B8CDAAF-4546-4125-BE63-24BF6B03CF0A}"
EndProject
Global
	GlobalSection(SolutionConfigurationPlatforms) = preSolution
		Debug|Any CPU = Debug|Any CPU
		Release|Any CPU = Release|Any CPU
	EndGlobalSection
	GlobalSection(ProjectConfigurationPlatforms) = postSolution
		{94B4A638-EEEB-4925-B0DF-9B3E2AD2D566}.Debug|Any CPU.ActiveCfg = Debug|Any CPU
		{94B4A638-EEEB-4925-B0DF-9B3E2AD2D566}.Debug|Any CPU.Build.0 = Debug|Any CPU
		{94B4A638-EEEB-4925-B0DF-9B3E2AD2D566}.Release|Any CPU.ActiveCfg = Release|Any CPU
		{94B4A638-EEEB-4925-B0DF-9B3E2AD2D566}.Release|Any CPU.Build.0 = Release|Any CPU
		{BBC10F7B-2669-4F77-9E61-80231043311A}.Debug|Any CPU.ActiveCfg = Debug|Any CPU
		{BBC10F7B-2669-4F77-9E61-80231043311A}.Debug|Any CPU.Build.0 = Debug|Any CPU
		{BBC10F7B-2669-4F77-9E61-80231043311A}.Release|Any CPU.ActiveCfg = Release|Any CPU
		{BBC10F7B-2669-4F77-9E61-80231043311A}.Release|Any CPU.Build.0 = Release|Any CPU
		{8B8CDAAF-4546-4125-BE63-24BF6B03CF0A}.Debug|Any CPU.ActiveCfg = Debug|Any CPU
		{8B8CDAAF-4546-4125-BE63-24BF6B03CF0A}.Debug|Any CPU.Build.0 = Debug|Any CPU
		{8B8CDAAF-4546-4125-BE63-24BF6B03CF0A}.Release|Any CPU.ActiveCfg = Release|Any CPU
		{8B8CDAAF-4546-4125-BE63-24BF6B03CF0A}.Release|Any CPU.Build.0 = Release|Any CPU
	EndGlobalSection
EndGlobal
